
Microsoft Visual Studio Solution File, Format Version 12.00
# Visual Studio Version 16
VisualStudioVersion = 16.0.30907.101
MinimumVisualStudioVersion = 10.0.40219.1
Project("{FAE04EC0-301F-11D3-BF4B-00C04F79EFBC}") = "mass_groundstation_v2", "mass_groundstation_v2.csproj", "{A9D43E76-242D-4045-B781-2CE70BE8FF72}"
EndProject
Global
	GlobalSection(SolutionConfigurationPlatforms) = preSolution
		Debug|Any CPU = Debug|Any CPU
		Release|Any CPU = Release|Any CPU
	EndGlobalSection
	GlobalSection(ProjectConfigurationPlatforms) = postSolution
		{A9D43E76-242D-4045-B781-2CE70BE8FF72}.Debug|Any CPU.ActiveCfg = Debug|Any CPU
		{A9D43E76-242D-4045-B781-2CE70BE8FF72}.Debug|Any CPU.Build.0 = Debug|Any CPU
		{A9D43E76-242D-4045-B781-2CE70BE8FF72}.Release|Any CPU.ActiveCfg = Release|Any CPU
		{A9D43E76-242D-4045-B781-2CE70BE8FF72}.Release|Any CPU.Build.0 = Release|Any CPU
	EndGlobalSection
	GlobalSection(SolutionProperties) = preSolution
		HideSolutionNode = FALSE
	EndGlobalSection
	GlobalSection(ExtensibilityGlobals) = postSolution
		SolutionGuid = {0F5769C1-12F4-419C-8875-D972CC0EB17E}
	EndGlobalSection
EndGlobal
